// !$*UTF8*$!
{
	archiveVersion = 1;
	classes = {
	};
	objectVersion = 55;
	objects = {

/* Begin PBXBuildFile section */
		09A47DA4279FB6CF003A3EA5 /* TaskMinderApp.swift in Sources */ = {isa = PBXBuildFile; fileRef = 09A47DA3279FB6CF003A3EA5 /* TaskMinderApp.swift */; };
		09A47DA8279FB6D1003A3EA5 /* Assets.xcassets in Resources */ = {isa = PBXBuildFile; fileRef = 09A47DA7279FB6D1003A3EA5 /* Assets.xcassets */; };
		09A47DAB279FB6D1003A3EA5 /* Preview Assets.xcassets in Resources */ = {isa = PBXBuildFile; fileRef = 09A47DAA279FB6D1003A3EA5 /* Preview Assets.xcassets */; };
		09A47DB3279FB762003A3EA5 /* ListView.swift in Sources */ = {isa = PBXBuildFile; fileRef = 09A47DB2279FB762003A3EA5 /* ListView.swift */; };
		09A47DB5279FB92B003A3EA5 /* ListRowView.swift in Sources */ = {isa = PBXBuildFile; fileRef = 09A47DB4279FB92B003A3EA5 /* ListRowView.swift */; };
		09A47DB7279FC1DF003A3EA5 /* AddView.swift in Sources */ = {isa = PBXBuildFile; fileRef = 09A47DB6279FC1DF003A3EA5 /* AddView.swift */; };
		09A47DBA27A0DF1B003A3EA5 /* ItemModel.swift in Sources */ = {isa = PBXBuildFile; fileRef = 09A47DB927A0DF1B003A3EA5 /* ItemModel.swift */; };
		09A47DBD27A0F72E003A3EA5 /* ListViewModel.swift in Sources */ = {isa = PBXBuildFile; fileRef = 09A47DBC27A0F72E003A3EA5 /* ListViewModel.swift */; };
/* End PBXBuildFile section */

/* Begin PBXFileReference section */
		09A47DA0279FB6CE003A3EA5 /* TaskMinder.app */ = {isa = PBXFileReference; explicitFileType = wrapper.application; includeInIndex = 0; path = TaskMinder.app; sourceTree = BUILT_PRODUCTS_DIR; };
		09A47DA3279FB6CF003A3EA5 /* TaskMinderApp.swift */ = {isa = PBXFileReference; lastKnownFileType = sourcecode.swift; path = TaskMinderApp.swift; sourceTree = "<group>"; };
		09A47DA7279FB6D1003A3EA5 /* Assets.xcassets */ = {isa = PBXFileReference; lastKnownFileType = folder.assetcatalog; path = Assets.xcassets; sourceTree = "<group>"; };
		09A47DAA279FB6D1003A3EA5 /* Preview Assets.xcassets */ = {isa = PBXFileReference; lastKnownFileType = folder.assetcatalog; path = "Preview Assets.xcassets"; sourceTree = "<group>"; };
		09A47DB2279FB762003A3EA5 /* ListView.swift */ = {isa = PBXFileReference; lastKnownFileType = sourcecode.swift; path = ListView.swift; sourceTree = "<group>"; };
		09A47DB4279FB92B003A3EA5 /* ListRowView.swift */ = {isa = PBXFileReference; lastKnownFileType = sourcecode.swift; path = ListRowView.swift; sourceTree = "<group>"; };
		09A47DB6279FC1DF003A3EA5 /* AddView.swift */ = {isa = PBXFileReference; lastKnownFileType = sourcecode.swift; path = AddView.swift; sourceTree = "<group>"; };
		09A47DB927A0DF1B003A3EA5 /* ItemModel.swift */ = {isa = PBXFileReference; lastKnownFileType = sourcecode.swift; path = ItemModel.swift; sourceTree = "<group>"; };
		09A47DBC27A0F72E003A3EA5 /* ListViewModel.swift */ = {isa = PBXFileReference; lastKnownFileType = sourcecode.swift; path = ListViewModel.swift; sourceTree = "<group>"; };
/* End PBXFileReference section */

/* Begin PBXFrameworksBuildPhase section */
		09A47D9D279FB6CE003A3EA5 /* Frameworks */ = {
			isa = PBXFrameworksBuildPhase;
			buildActionMask = 2147483647;
			files = (
			);
			runOnlyForDeploymentPostprocessing = 0;
		};
/* End PBXFrameworksBuildPhase section */

/* Begin PBXGroup section */
		09A47D97279FB6CE003A3EA5 = {
			isa = PBXGroup;
			children = (
				09A47DA2279FB6CE003A3EA5 /* TaskMinder */,
				09A47DA1279FB6CE003A3EA5 /* Products */,
			);
			sourceTree = "<group>";
		};
		09A47DA1279FB6CE003A3EA5 /* Products */ = {
			isa = PBXGroup;
			children = (
				09A47DA0279FB6CE003A3EA5 /* TaskMinder.app */,
			);
			name = Products;
			sourceTree = "<group>";
		};
		09A47DA2279FB6CE003A3EA5 /* TaskMinder */ = {
			isa = PBXGroup;
			children = (
				09A47DA3279FB6CF003A3EA5 /* TaskMinderApp.swift */,
				09A47DB827A0DF02003A3EA5 /* Models */,
				09A47DB1279FB74A003A3EA5 /* Views */,
				09A47DBB27A0F504003A3EA5 /* ViewModels */,
				09A47DA7279FB6D1003A3EA5 /* Assets.xcassets */,
				09A47DA9279FB6D1003A3EA5 /* Preview Content */,
			);
			path = TaskMinder;
			sourceTree = "<group>";
		};
		09A47DA9279FB6D1003A3EA5 /* Preview Content */ = {
			isa = PBXGroup;
			children = (
				09A47DAA279FB6D1003A3EA5 /* Preview Assets.xcassets */,
			);
			path = "Preview Content";
			sourceTree = "<group>";
		};
		09A47DB1279FB74A003A3EA5 /* Views */ = {
			isa = PBXGroup;
			children = (
				09A47DB2279FB762003A3EA5 /* ListView.swift */,
				09A47DB4279FB92B003A3EA5 /* ListRowView.swift */,
				09A47DB6279FC1DF003A3EA5 /* AddView.swift */,
			);
			path = Views;
			sourceTree = "<group>";
		};
		09A47DB827A0DF02003A3EA5 /* Models */ = {
			isa = PBXGroup;
			children = (
				09A47DB927A0DF1B003A3EA5 /* ItemModel.swift */,
			);
			path = Models;
			sourceTree = "<group>";
		};
		09A47DBB27A0F504003A3EA5 /* ViewModels */ = {
			isa = PBXGroup;
			children = (
				09A47DBC27A0F72E003A3EA5 /* ListViewModel.swift */,
			);
			path = ViewModels;
			sourceTree = "<group>";
		};
/* End PBXGroup section */

/* Begin PBXNativeTarget section */
		09A47D9F279FB6CE003A3EA5 /* TaskMinder */ = {
			isa = PBXNativeTarget;
			buildConfigurationList = 09A47DAE279FB6D1003A3EA5 /* Build configuration list for PBXNativeTarget "TaskMinder" */;
			buildPhases = (
				09A47D9C279FB6CE003A3EA5 /* Sources */,
				09A47D9D279FB6CE003A3EA5 /* Frameworks */,
				09A47D9E279FB6CE003A3EA5 /* Resources */,
			);
			buildRules = (
			);
			dependencies = (
			);
			name = TaskMinder;
			productName = TaskMinder;
			productReference = 09A47DA0279FB6CE003A3EA5 /* TaskMinder.app */;
			productType = "com.apple.product-type.application";
		};
/* End PBXNativeTarget section */

/* Begin PBXProject section */
		09A47D98279FB6CE003A3EA5 /* Project object */ = {
			isa = PBXProject;
			attributes = {
				BuildIndependentTargetsInParallel = 1;
				LastSwiftUpdateCheck = 1320;
				LastUpgradeCheck = 1320;
				TargetAttributes = {
					09A47D9F279FB6CE003A3EA5 = {
						CreatedOnToolsVersion = 13.2.1;
					};
				};
			};
			buildConfigurationList = 09A47D9B279FB6CE003A3EA5 /* Build configuration list for PBXProject "TaskMinder" */;
			compatibilityVersion = "Xcode 13.0";
			developmentRegion = en;
			hasScannedForEncodings = 0;
			knownRegions = (
				en,
				Base,
			);
			mainGroup = 09A47D97279FB6CE003A3EA5;
			productRefGroup = 09A47DA1279FB6CE003A3EA5 /* Products */;
			projectDirPath = "";
			projectRoot = "";
			targets = (
				09A47D9F279FB6CE003A3EA5 /* TaskMinder */,
			);
		};
/* End PBXProject section */

/* Begin PBXResourcesBuildPhase section */
		09A47D9E279FB6CE003A3EA5 /* Resources */ = {
			isa = PBXResourcesBuildPhase;
			buildActionMask = 2147483647;
			files = (
				09A47DAB279FB6D1003A3EA5 /* Preview Assets.xcassets in Resources */,
				09A47DA8279FB6D1003A3EA5 /* Assets.xcassets in Resources */,
			);
			runOnlyForDeploymentPostprocessing = 0;
		};
/* End PBXResourcesBuildPhase section */

/* Begin PBXSourcesBuildPhase section */
		09A47D9C279FB6CE003A3EA5 /* Sources */ = {
			isa = PBXSourcesBuildPhase;
			buildActionMask = 2147483647;
			files = (
				09A47DBA27A0DF1B003A3EA5 /* ItemModel.swift in Sources */,
				09A47DB7279FC1DF003A3EA5 /* AddView.swift in Sources */,
				09A47DBD27A0F72E003A3EA5 /* ListViewModel.swift in Sources */,
				09A47DA4279FB6CF003A3EA5 /* TaskMinderApp.swift in Sources */,
				09A47DB3279FB762003A3EA5 /* ListView.swift in Sources */,
				09A47DB5279FB92B003A3EA5 /* ListRowView.swift in Sources */,
			);
			runOnlyForDeploymentPostprocessing = 0;
		};
/* End PBXSourcesBuildPhase section */

/* Begin XCBuildConfiguration section */
		09A47DAC279FB6D1003A3EA5 /* Debug */ = {
			isa = XCBuildConfiguration;
			buildSettings = {
				ALWAYS_SEARCH_USER_PATHS = NO;
				CLANG_ANALYZER_NONNULL = YES;
				CLANG_ANALYZER_NUMBER_OBJECT_CONVERSION = YES_AGGRESSIVE;
				CLANG_CXX_LANGUAGE_STANDARD = "gnu++17";
				CLANG_CXX_LIBRARY = "libc++";
				CLANG_ENABLE_MODULES = YES;
				CLANG_ENABLE_OBJC_ARC = YES;
				CLANG_ENABLE_OBJC_WEAK = YES;
				CLANG_WARN_BLOCK_CAPTURE_AUTORELEASING = YES;
				CLANG_WARN_BOOL_CONVERSION = YES;
				CLANG_WARN_COMMA = YES;
				CLANG_WARN_CONSTANT_CONVERSION = YES;
				CLANG_WARN_DEPRECATED_OBJC_IMPLEMENTATIONS = YES;
				CLANG_WARN_DIRECT_OBJC_ISA_USAGE = YES_ERROR;
				CLANG_WARN_DOCUMENTATION_COMMENTS = YES;
				CLANG_WARN_EMPTY_BODY = YES;
				CLANG_WARN_ENUM_CONVERSION = YES;
				CLANG_WARN_INFINITE_RECURSION = YES;
				CLANG_WARN_INT_CONVERSION = YES;
				CLANG_WARN_NON_LITERAL_NULL_CONVERSION = YES;
				CLANG_WARN_OBJC_IMPLICIT_RETAIN_SELF = YES;
				CLANG_WARN_OBJC_LITERAL_CONVERSION = YES;
				CLANG_WARN_OBJC_ROOT_CLASS = YES_ERROR;
				CLANG_WARN_QUOTED_INCLUDE_IN_FRAMEWORK_HEADER = YES;
				CLANG_WARN_RANGE_LOOP_ANALYSIS = YES;
				CLANG_WARN_STRICT_PROTOTYPES = YES;
				CLANG_WARN_SUSPICIOUS_MOVE = YES;
				CLANG_WARN_UNGUARDED_AVAILABILITY = YES_AGGRESSIVE;
				CLANG_WARN_UNREACHABLE_CODE = YES;
				CLANG_WARN__DUPLICATE_METHOD_MATCH = YES;
				COPY_PHASE_STRIP = NO;
				DEBUG_INFORMATION_FORMAT = dwarf;
				ENABLE_STRICT_OBJC_MSGSEND = YES;
				ENABLE_TESTABILITY = YES;
				GCC_C_LANGUAGE_STANDARD = gnu11;
				GCC_DYNAMIC_NO_PIC = NO;
				GCC_NO_COMMON_BLOCKS = YES;
				GCC_OPTIMIZATION_LEVEL = 0;
				GCC_PREPROCESSOR_DEFINITIONS = (
					"DEBUG=1",
					"$(inherited)",
				);
				GCC_WARN_64_TO_32_BIT_CONVERSION = YES;
				GCC_WARN_ABOUT_RETURN_TYPE = YES_ERROR;
				GCC_WARN_UNDECLARED_SELECTOR = YES;
				GCC_WARN_UNINITIALIZED_AUTOS = YES_AGGRESSIVE;
				GCC_WARN_UNUSED_FUNCTION = YES;
				GCC_WARN_UNUSED_VARIABLE = YES;
				IPHONEOS_DEPLOYMENT_TARGET = 15.2;
				MTL_ENABLE_DEBUG_INFO = INCLUDE_SOURCE;
				MTL_FAST_MATH = YES;
				ONLY_ACTIVE_ARCH = YES;
				SDKROOT = iphoneos;
				SWIFT_ACTIVE_COMPILATION_CONDITIONS = DEBUG;
				SWIFT_OPTIMIZATION_LEVEL = "-Onone";
			};
			name = Debug;
		};
		09A47DAD279FB6D1003A3EA5 /* Release */ = {
			isa = XCBuildConfiguration;
			buildSettings = {
				ALWAYS_SEARCH_USER_PATHS = NO;
				CLANG_ANALYZER_NONNULL = YES;
				CLANG_ANALYZER_NUMBER_OBJECT_CONVERSION = YES_AGGRESSIVE;
				CLANG_CXX_LANGUAGE_STANDARD = "gnu++17";
				CLANG_CXX_LIBRARY = "libc++";
				CLANG_ENABLE_MODULES = YES;
				CLANG_ENABLE_OBJC_ARC = YES;
				CLANG_ENABLE_OBJC_WEAK = YES;
				CLANG_WARN_BLOCK_CAPTURE_AUTORELEASING = YES;
				CLANG_WARN_BOOL_CONVERSION = YES;
				CLANG_WARN_COMMA = YES;
				CLANG_WARN_CONSTANT_CONVERSION = YES;
				CLANG_WARN_DEPRECATED_OBJC_IMPLEMENTATIONS = YES;
				CLANG_WARN_DIRECT_OBJC_ISA_USAGE = YES_ERROR;
				CLANG_WARN_DOCUMENTATION_COMMENTS = YES;
				CLANG_WARN_EMPTY_BODY = YES;
				CLANG_WARN_ENUM_CONVERSION = YES;
				CLANG_WARN_INFINITE_RECURSION = YES;
				CLANG_WARN_INT_CONVERSION = YES;
				CLANG_WARN_NON_LITERAL_NULL_CONVERSION = YES;
				CLANG_WARN_OBJC_IMPLICIT_RETAIN_SELF = YES;
				CLANG_WARN_OBJC_LITERAL_CONVERSION = YES;
				CLANG_WARN_OBJC_ROOT_CLASS = YES_ERROR;
				CLANG_WARN_QUOTED_INCLUDE_IN_FRAMEWORK_HEADER = YES;
				CLANG_WARN_RANGE_LOOP_ANALYSIS = YES;
				CLANG_WARN_STRICT_PROTOTYPES = YES;
				CLANG_WARN_SUSPICIOUS_MOVE = YES;
				CLANG_WARN_UNGUARDED_AVAILABILITY = YES_AGGRESSIVE;
				CLANG_WARN_UNREACHABLE_CODE = YES;
				CLANG_WARN__DUPLICATE_METHOD_MATCH = YES;
				COPY_PHASE_STRIP = NO;
				DEBUG_INFORMATION_FORMAT = "dwarf-with-dsym";
				ENABLE_NS_ASSERTIONS = NO;
				ENABLE_STRICT_OBJC_MSGSEND = YES;
				GCC_C_LANGUAGE_STANDARD = gnu11;
				GCC_NO_COMMON_BLOCKS = YES;
				GCC_WARN_64_TO_32_BIT_CONVERSION = YES;
				GCC_WARN_ABOUT_RETURN_TYPE = YES_ERROR;
				GCC_WARN_UNDECLARED_SELECTOR = YES;
				GCC_WARN_UNINITIALIZED_AUTOS = YES_AGGRESSIVE;
				GCC_WARN_UNUSED_FUNCTION = YES;
				GCC_WARN_UNUSED_VARIABLE = YES;
				IPHONEOS_DEPLOYMENT_TARGET = 15.2;
				MTL_ENABLE_DEBUG_INFO = NO;
				MTL_FAST_MATH = YES;
				SDKROOT = iphoneos;
				SWIFT_COMPILATION_MODE = wholemodule;
				SWIFT_OPTIMIZATION_LEVEL = "-O";
				VALIDATE_PRODUCT = YES;
			};
			name = Release;
		};
		09A47DAF279FB6D1003A3EA5 /* Debug */ = {
			isa = XCBuildConfiguration;
			buildSettings = {
				ASSETCATALOG_COMPILER_APPICON_NAME = AppIcon;
				ASSETCATALOG_COMPILER_GLOBAL_ACCENT_COLOR_NAME = AccentColor;
				CODE_SIGN_STYLE = Automatic;
				CURRENT_PROJECT_VERSION = 1;
				DEVELOPMENT_ASSET_PATHS = "\"TaskMinder/Preview Content\"";
				DEVELOPMENT_TEAM = W59W3QVKXJ;
				ENABLE_PREVIEWS = YES;
				GENERATE_INFOPLIST_FILE = YES;
				INFOPLIST_KEY_UIApplicationSceneManifest_Generation = YES;
				INFOPLIST_KEY_UIApplicationSupportsIndirectInputEvents = YES;
				INFOPLIST_KEY_UILaunchScreen_Generation = YES;
				INFOPLIST_KEY_UISupportedInterfaceOrientations_iPad = "UIInterfaceOrientationPortrait UIInterfaceOrientationPortraitUpsideDown UIInterfaceOrientationLandscapeLeft UIInterfaceOrientationLandscapeRight";
				INFOPLIST_KEY_UISupportedInterfaceOrientations_iPhone = "UIInterfaceOrientationPortrait UIInterfaceOrientationLandscapeLeft UIInterfaceOrientationLandscapeRight";
				LD_RUNPATH_SEARCH_PATHS = (
					"$(inherited)",
					"@executable_path/Frameworks",
				);
				MARKETING_VERSION = 1.0;
				PRODUCT_BUNDLE_IDENTIFIER = com.nuralab.TaskMinder;
				PRODUCT_NAME = "$(TARGET_NAME)";
				SWIFT_EMIT_LOC_STRINGS = YES;
				SWIFT_VERSION = 5.0;
				TARGETED_DEVICE_FAMILY = "1,2";
			};
			name = Debug;
		};
		09A47DB0279FB6D1003A3EA5 /* Release */ = {
			isa = XCBuildConfiguration;
			buildSettings = {
				ASSETCATALOG_COMPILER_APPICON_NAME = AppIcon;
				ASSETCATALOG_COMPILER_GLOBAL_ACCENT_COLOR_NAME = AccentColor;
				CODE_SIGN_STYLE = Automatic;
				CURRENT_PROJECT_VERSION = 1;
				DEVELOPMENT_ASSET_PATHS = "\"TaskMinder/Preview Content\"";
				DEVELOPMENT_TEAM = W59W3QVKXJ;
				ENABLE_PREVIEWS = YES;
				GENERATE_INFOPLIST_FILE = YES;
				INFOPLIST_KEY_UIApplicationSceneManifest_Generation = YES;
				INFOPLIST_KEY_UIApplicationSupportsIndirectInputEvents = YES;
				INFOPLIST_KEY_UILaunchScreen_Generation = YES;
				INFOPLIST_KEY_UISupportedInterfaceOrientations_iPad = "UIInterfaceOrientationPortrait UIInterfaceOrientationPortraitUpsideDown UIInterfaceOrientationLandscapeLeft UIInterfaceOrientationLandscapeRight";
				INFOPLIST_KEY_UISupportedInterfaceOrientations_iPhone = "UIInterfaceOrientationPortrait UIInterfaceOrientationLandscapeLeft UIInterfaceOrientationLandscapeRight";
				LD_RUNPATH_SEARCH_PATHS = (
					"$(inherited)",
					"@executable_path/Frameworks",
				);
				MARKETING_VERSION = 1.0;
				PRODUCT_BUNDLE_IDENTIFIER = com.nuralab.TaskMinder;
				PRODUCT_NAME = "$(TARGET_NAME)";
				SWIFT_EMIT_LOC_STRINGS = YES;
				SWIFT_VERSION = 5.0;
				TARGETED_DEVICE_FAMILY = "1,2";
			};
			name = Release;
		};
/* End XCBuildConfiguration section */

/* Begin XCConfigurationList section */
		09A47D9B279FB6CE003A3EA5 /* Build configuration list for PBXProject "TaskMinder" */ = {
			isa = XCConfigurationList;
			buildConfigurations = (
				09A47DAC279FB6D1003A3EA5 /* Debug */,
				09A47DAD279FB6D1003A3EA5 /* Release */,
			);
			defaultConfigurationIsVisible = 0;
			defaultConfigurationName = Release;
		};
		09A47DAE279FB6D1003A3EA5 /* Build configuration list for PBXNativeTarget "TaskMinder" */ = {
			isa = XCConfigurationList;
			buildConfigurations = (
				09A47DAF279FB6D1003A3EA5 /* Debug */,
				09A47DB0279FB6D1003A3EA5 /* Release */,
			);
			defaultConfigurationIsVisible = 0;
			defaultConfigurationName = Release;
		};
/* End XCConfigurationList section */
	};
	rootObject = 09A47D98279FB6CE003A3EA5 /* Project object */;
}
